
Microsoft Visual Studio Solution File, Format Version 12.00
# Visual Studio 15
VisualStudioVersion = 15.0.27004.2005
MinimumVisualStudioVersion = 10.0.40219.1
Project("{2150E333-8FDC-42A3-9474-1A3956D46DE8}") = "UI", "UI", "{F9B62943-A534-4CA0-B2E3-CAF1FA1BD0F2}"
EndProject
Project("{2150E333-8FDC-42A3-9474-1A3956D46DE8}") = "Service", "Service", "{EB243FFA-3091-4543-AE92-924F67F149F6}"
EndProject
Project("{2150E333-8FDC-42A3-9474-1A3956D46DE8}") = "Infrastructure", "Infrastructure", "{3DCC3A64-8E97-4809-A7C8-FD99709A5E55}"
EndProject
Project("{FAE04EC0-301F-11D3-BF4B-00C04F79EFBC}") = "Wpf.Train.Common", "Wpf.Train.Common\Wpf.Train.Common.csproj", "{232C8949-962C-45CA-8619-F77EB9787BBB}"
EndProject
Project("{FAE04EC0-301F-11D3-BF4B-00C04F79EFBC}") = "Wpf.Train.Entiry", "Wpf.Train.Entiry\Wpf.Train.Entiry.csproj", "{77DBF6EA-4D58-4298-A106-B3A29E9E3DC5}"
EndProject
Project("{FAE04EC0-301F-11D3-BF4B-00C04F79EFBC}") = "Wpf.Train.CustomControlLib", "Wpf.Train.CustomControlLib\Wpf.Train.CustomControlLib.csproj", "{4DAB2B34-EE07-4568-941B-5E88086886AD}"
EndProject
Project("{FAE04EC0-301F-11D3-BF4B-00C04F79EFBC}") = "Wpf.Train.UI", "Wpf.Train.UI\Wpf.Train.UI.csproj", "{4C9904C5-899F-459B-B9CB-67936AB8DC42}"
EndProject
Project("{FAE04EC0-301F-11D3-BF4B-00C04F79EFBC}") = "ZED.IVMS7200", "ZED.IVMS7200\ZED.IVMS7200.csproj", "{DA7384F7-896D-4A29-9209-0D8673375356}"
EndProject
Project("{FAE04EC0-301F-11D3-BF4B-00C04F79EFBC}") = "Wpf.Train.WebApi", "Wpf.Train.WebApi\Wpf.Train.WebApi.csproj", "{18919338-EE6B-4383-835A-6F3E7F33C13D}"
EndProject
Project("{FAE04EC0-301F-11D3-BF4B-00C04F79EFBC}") = "WPF.MvvmLight.UI", "WPF.MvvmLight.UI\WPF.MvvmLight.UI.csproj", "{600681E8-87B4-451A-A042-0701D60D1793}"
EndProject
Project("{2150E333-8FDC-42A3-9474-1A3956D46DE8}") = "PrismModule", "PrismModule", "{8D3619EC-D7F3-43AE-AFEC-6224E2539B4A}"
EndProject
Project("{FAE04EC0-301F-11D3-BF4B-00C04F79EFBC}") = "ModularityWithMef.Desktop", "ModularityWithMef.Desktop\ModularityWithMef.Desktop.csproj", "{DB1CB0D3-4D80-400C-9EE5-10D1579F1419}"
EndProject
Project("{FAE04EC0-301F-11D3-BF4B-00C04F79EFBC}") = "ModuleA", "ModuleA\ModuleA.csproj", "{7A00EC8E-91FE-4973-A47D-F1F68CAA1BF6}"
EndProject
Project("{FAE04EC0-301F-11D3-BF4B-00C04F79EFBC}") = "ModuleTracking", "ModuleTracking\ModuleTracking.csproj", "{E81B9617-8739-4177-A55E-100AA2119EC0}"
EndProject
Global
	GlobalSection(SolutionConfigurationPlatforms) = preSolution
		Debug|Any CPU = Debug|Any CPU
		Release|Any CPU = Release|Any CPU
	EndGlobalSection
	GlobalSection(ProjectConfigurationPlatforms) = postSolution
		{232C8949-962C-45CA-8619-F77EB9787BBB}.Debug|Any CPU.ActiveCfg = Debug|Any CPU
		{232C8949-962C-45CA-8619-F77EB9787BBB}.Debug|Any CPU.Build.0 = Debug|Any CPU
		{232C8949-962C-45CA-8619-F77EB9787BBB}.Release|Any CPU.ActiveCfg = Release|Any CPU
		{232C8949-962C-45CA-8619-F77EB9787BBB}.Release|Any CPU.Build.0 = Release|Any CPU
		{77DBF6EA-4D58-4298-A106-B3A29E9E3DC5}.Debug|Any CPU.ActiveCfg = Debug|Any CPU
		{77DBF6EA-4D58-4298-A106-B3A29E9E3DC5}.Debug|Any CPU.Build.0 = Debug|Any CPU
		{77DBF6EA-4D58-4298-A106-B3A29E9E3DC5}.Release|Any CPU.ActiveCfg = Release|Any CPU
		{77DBF6EA-4D58-4298-A106-B3A29E9E3DC5}.Release|Any CPU.Build.0 = Release|Any CPU
		{4DAB2B34-EE07-4568-941B-5E88086886AD}.Debug|Any CPU.ActiveCfg = Debug|Any CPU
		{4DAB2B34-EE07-4568-941B-5E88086886AD}.Debug|Any CPU.Build.0 = Debug|Any CPU
		{4DAB2B34-EE07-4568-941B-5E88086886AD}.Release|Any CPU.ActiveCfg = Release|Any CPU
		{4DAB2B34-EE07-4568-941B-5E88086886AD}.Release|Any CPU.Build.0 = Release|Any CPU
		{4C9904C5-899F-459B-B9CB-67936AB8DC42}.Debug|Any CPU.ActiveCfg = Debug|Any CPU
		{4C9904C5-899F-459B-B9CB-67936AB8DC42}.Debug|Any CPU.Build.0 = Debug|Any CPU
		{4C9904C5-899F-459B-B9CB-67936AB8DC42}.Release|Any CPU.ActiveCfg = Release|Any CPU
		{4C9904C5-899F-459B-B9CB-67936AB8DC42}.Release|Any CPU.Build.0 = Release|Any CPU
		{DA7384F7-896D-4A29-9209-0D8673375356}.Debug|Any CPU.ActiveCfg = Debug|Any CPU
		{DA7384F7-896D-4A29-9209-0D8673375356}.Debug|Any CPU.Build.0 = Debug|Any CPU
		{DA7384F7-896D-4A29-9209-0D8673375356}.Release|Any CPU.ActiveCfg = Release|Any CPU
		{DA7384F7-896D-4A29-9209-0D8673375356}.Release|Any CPU.Build.0 = Release|Any CPU
		{18919338-EE6B-4383-835A-6F3E7F33C13D}.Debug|Any CPU.ActiveCfg = Debug|Any CPU
		{18919338-EE6B-4383-835A-6F3E7F33C13D}.Debug|Any CPU.Build.0 = Debug|Any CPU
		{18919338-EE6B-4383-835A-6F3E7F33C13D}.Release|Any CPU.ActiveCfg = Release|Any CPU
		{18919338-EE6B-4383-835A-6F3E7F33C13D}.Release|Any CPU.Build.0 = Release|Any CPU
		{600681E8-87B4-451A-A042-0701D60D1793}.Debug|Any CPU.ActiveCfg = Debug|Any CPU
		{600681E8-87B4-451A-A042-0701D60D1793}.Debug|Any CPU.Build.0 = Debug|Any CPU
		{600681E8-87B4-451A-A042-0701D60D1793}.Release|Any CPU.ActiveCfg = Release|Any CPU
		{600681E8-87B4-451A-A042-0701D60D1793}.Release|Any CPU.Build.0 = Release|Any CPU
		{DB1CB0D3-4D80-400C-9EE5-10D1579F1419}.Debug|Any CPU.ActiveCfg = Debug|Any CPU
		{DB1CB0D3-4D80-400C-9EE5-10D1579F1419}.Debug|Any CPU.Build.0 = Debug|Any CPU
		{DB1CB0D3-4D80-400C-9EE5-10D1579F1419}.Release|Any CPU.ActiveCfg = Release|Any CPU
		{DB1CB0D3-4D80-400C-9EE5-10D1579F1419}.Release|Any CPU.Build.0 = Release|Any CPU
		{7A00EC8E-91FE-4973-A47D-F1F68CAA1BF6}.Debug|Any CPU.ActiveCfg = Debug|Any CPU
		{7A00EC8E-91FE-4973-A47D-F1F68CAA1BF6}.Debug|Any CPU.Build.0 = Debug|Any CPU
		{7A00EC8E-91FE-4973-A47D-F1F68CAA1BF6}.Release|Any CPU.ActiveCfg = Release|Any CPU
		{7A00EC8E-91FE-4973-A47D-F1F68CAA1BF6}.Release|Any CPU.Build.0 = Release|Any CPU
		{E81B9617-8739-4177-A55E-100AA2119EC0}.Debug|Any CPU.ActiveCfg = Debug|Any CPU
		{E81B9617-8739-4177-A55E-100AA2119EC0}.Debug|Any CPU.Build.0 = Debug|Any CPU
		{E81B9617-8739-4177-A55E-100AA2119EC0}.Release|Any CPU.ActiveCfg = Release|Any CPU
		{E81B9617-8739-4177-A55E-100AA2119EC0}.Release|Any CPU.Build.0 = Release|Any CPU
	EndGlobalSection
	GlobalSection(SolutionProperties) = preSolution
		HideSolutionNode = FALSE
	EndGlobalSection
	GlobalSection(NestedProjects) = preSolution
		{232C8949-962C-45CA-8619-F77EB9787BBB} = {3DCC3A64-8E97-4809-A7C8-FD99709A5E55}
		{77DBF6EA-4D58-4298-A106-B3A29E9E3DC5} = {3DCC3A64-8E97-4809-A7C8-FD99709A5E55}
		{4DAB2B34-EE07-4568-941B-5E88086886AD} = {F9B62943-A534-4CA0-B2E3-CAF1FA1BD0F2}
		{4C9904C5-899F-459B-B9CB-67936AB8DC42} = {F9B62943-A534-4CA0-B2E3-CAF1FA1BD0F2}
		{DA7384F7-896D-4A29-9209-0D8673375356} = {EB243FFA-3091-4543-AE92-924F67F149F6}
		{18919338-EE6B-4383-835A-6F3E7F33C13D} = {EB243FFA-3091-4543-AE92-924F67F149F6}
		{600681E8-87B4-451A-A042-0701D60D1793} = {F9B62943-A534-4CA0-B2E3-CAF1FA1BD0F2}
		{DB1CB0D3-4D80-400C-9EE5-10D1579F1419} = {8D3619EC-D7F3-43AE-AFEC-6224E2539B4A}
		{7A00EC8E-91FE-4973-A47D-F1F68CAA1BF6} = {8D3619EC-D7F3-43AE-AFEC-6224E2539B4A}
		{E81B9617-8739-4177-A55E-100AA2119EC0} = {8D3619EC-D7F3-43AE-AFEC-6224E2539B4A}
	EndGlobalSection
	GlobalSection(ExtensibilityGlobals) = postSolution
		SolutionGuid = {E80F7F0F-E95C-4ED1-A303-BCA39A3FB0C8}
	EndGlobalSection
EndGlobal
